
Microsoft Visual Studio Solution File, Format Version 12.00
# Visual Studio Version 16
VisualStudioVersion = 16.0.30320.27
MinimumVisualStudioVersion = 10.0.40219.1
Project("{FAE04EC0-301F-11D3-BF4B-00C04F79EFBC}") = "Graus", "Graus.csproj", "{1CEE0723-9E67-4778-8E7F-C94EAF603E17}"
EndProject
Global
	GlobalSection(SolutionConfigurationPlatforms) = preSolution
		Debug|Any CPU = Debug|Any CPU
		Release|Any CPU = Release|Any CPU
	EndGlobalSection
	GlobalSection(ProjectConfigurationPlatforms) = postSolution
		{1CEE0723-9E67-4778-8E7F-C94EAF603E17}.Debug|Any CPU.ActiveCfg = Debug|Any CPU
		{1CEE0723-9E67-4778-8E7F-C94EAF603E17}.Debug|Any CPU.Build.0 = Debug|Any CPU
		{1CEE0723-9E67-4778-8E7F-C94EAF603E17}.Release|Any CPU.ActiveCfg = Release|Any CPU
		{1CEE0723-9E67-4778-8E7F-C94EAF603E17}.Release|Any CPU.Build.0 = Release|Any CPU
	EndGlobalSection
	GlobalSection(SolutionProperties) = preSolution
		HideSolutionNode = FALSE
	EndGlobalSection
	GlobalSection(ExtensibilityGlobals) = postSolution
		SolutionGuid = {B8D32C24-85A3-49C5-B83D-C7C4429CDFEE}
	EndGlobalSection
EndGlobal
